
Microsoft Visual Studio Solution File, Format Version 12.00
# Visual Studio Version 17
VisualStudioVersion = 17.0.31912.275
MinimumVisualStudioVersion = 10.0.40219.1
Project("{9A19103F-16F7-4668-BE54-9A1E7A4F7556}") = "DogsBreeds.Crawler.Spiders.FCI", "DogsBreeds.Crawler.Spiders.FCI\DogsBreeds.Crawler.Spiders.FCI.csproj", "{565BDE75-CA6E-4121-B07A-8A288CD2FEF6}"
EndProject
Project("{FAE04EC0-301F-11D3-BF4B-00C04F79EFBC}") = "DogsBreeds.Crawler.Spiders.FCI.Test", "DogsBreeds.Crawler.Spiders.FCI.Test\DogsBreeds.Crawler.Spiders.FCI.Test.csproj", "{8D444F1A-F0BD-4F77-8F47-861CBB2BC2EE}"
EndProject
Global
	GlobalSection(SolutionConfigurationPlatforms) = preSolution
		Debug|Any CPU = Debug|Any CPU
		Release|Any CPU = Release|Any CPU
	EndGlobalSection
	GlobalSection(ProjectConfigurationPlatforms) = postSolution
		{565BDE75-CA6E-4121-B07A-8A288CD2FEF6}.Debug|Any CPU.ActiveCfg = Debug|Any CPU
		{565BDE75-CA6E-4121-B07A-8A288CD2FEF6}.Debug|Any CPU.Build.0 = Debug|Any CPU
		{565BDE75-CA6E-4121-B07A-8A288CD2FEF6}.Release|Any CPU.ActiveCfg = Release|Any CPU
		{565BDE75-CA6E-4121-B07A-8A288CD2FEF6}.Release|Any CPU.Build.0 = Release|Any CPU
		{8D444F1A-F0BD-4F77-8F47-861CBB2BC2EE}.Debug|Any CPU.ActiveCfg = Debug|Any CPU
		{8D444F1A-F0BD-4F77-8F47-861CBB2BC2EE}.Debug|Any CPU.Build.0 = Debug|Any CPU
		{8D444F1A-F0BD-4F77-8F47-861CBB2BC2EE}.Release|Any CPU.ActiveCfg = Release|Any CPU
		{8D444F1A-F0BD-4F77-8F47-861CBB2BC2EE}.Release|Any CPU.Build.0 = Release|Any CPU
	EndGlobalSection
	GlobalSection(SolutionProperties) = preSolution
		HideSolutionNode = FALSE
	EndGlobalSection
	GlobalSection(ExtensibilityGlobals) = postSolution
		SolutionGuid = {88EC6E83-FD02-4EDA-A626-64183A0B6E09}
	EndGlobalSection
EndGlobal
